
Microsoft Visual Studio Solution File, Format Version 12.00
# Visual Studio Version 17
VisualStudioVersion = 17.4.33403.182
MinimumVisualStudioVersion = 10.0.40219.1
Project("{FAE04EC0-301F-11D3-BF4B-00C04F79EFBC}") = "COMP003A.Assignment6.", "..\COMP003A.Assignment6\COMP003A.Assignment6\COMP003A.Assignment6..csproj", "{393167F1-8B63-4067-809D-37C6AAB122CE}"
EndProject
Global
	GlobalSection(SolutionConfigurationPlatforms) = preSolution
		Debug|Any CPU = Debug|Any CPU
		Release|Any CPU = Release|Any CPU
	EndGlobalSection
	GlobalSection(ProjectConfigurationPlatforms) = postSolution
		{393167F1-8B63-4067-809D-37C6AAB122CE}.Debug|Any CPU.ActiveCfg = Debug|Any CPU
		{393167F1-8B63-4067-809D-37C6AAB122CE}.Debug|Any CPU.Build.0 = Debug|Any CPU
		{393167F1-8B63-4067-809D-37C6AAB122CE}.Release|Any CPU.ActiveCfg = Release|Any CPU
		{393167F1-8B63-4067-809D-37C6AAB122CE}.Release|Any CPU.Build.0 = Release|Any CPU
	EndGlobalSection
	GlobalSection(SolutionProperties) = preSolution
		HideSolutionNode = FALSE
	EndGlobalSection
	GlobalSection(ExtensibilityGlobals) = postSolution
		SolutionGuid = {7AE23EFB-D747-4DC8-A581-D003B568BA02}
	EndGlobalSection
EndGlobal
